PODS:
  - MBProgressHUD (1.0.0)
  - SDWebImage (3.7.6):
    - SDWebImage/Core (= 3.7.6)
  - SDWebImage/Core (3.7.6)

DEPENDENCIES:
  - MBProgressHUD (~> 1.0.0)
  - SDWebImage (~> 3.7.5)

SPEC CHECKSUMS:
  MBProgressHUD: 4890f671c94e8a0f3cf959aa731e9de2f036d71a
  SDWebImage: c325cf02c30337336b95beff20a13df489ec0ec9

PODFILE CHECKSUM: 5525f411bb627f828c33707937c2f66aeac6d190

COCOAPODS: 1.1.1
